<Solution>
  <Project Path="AdvancedFlightComputer/AdvancedFlightComputer.csproj" />
  <Project Path="AdvancedFlightComputer.HarnessTests/AdvancedFlightComputer.HarnessTests.csproj" />
  <Folder Name="/Guidance/">
    <Project Path="AdvancedFlightComputer/Features/Guidance/Numerics/AdvancedFlightComputer.Guidance.Numerics.csproj" />
    <Project Path="AdvancedFlightComputer/Features/Guidance/Gfold/AdvancedFlightComputer.Guidance.Gfold.csproj" />
    <Project Path="AdvancedFlightComputer/Features/Guidance/Scvx/AdvancedFlightComputer.Guidance.Scvx.csproj" />
  </Folder>
  <Folder Name="/Guidance Tests/">
    <Project Path="AdvancedFlightComputer.Guidance.Tests/Gfold/AdvancedFlightComputer.Guidance.Tests.Gfold.csproj" />
    <Project Path="AdvancedFlightComputer.Guidance.Tests/Scvx/AdvancedFlightComputer.Guidance.Tests.Scvx.csproj" />
  </Folder>
</Solution>
