
Microsoft Visual Studio Solution File, Format Version 12.00
# Visual Studio Version 18
VisualStudioVersion = 18.1.11312.151
MinimumVisualStudioVersion = 10.0.40219.1
Project("{FAE04EC0-301F-11D3-BF4B-00C04F79EFBC}") = "NovaTec.GravityTurn", "NovaTec.GravityTurn.csproj", "{E768970D-A7FD-4D63-AE39-39836983ACCC}"
EndProject
Project("{911E67C6-3D85-4FCE-B560-20A9C3E3FF48}") = "StarMap.Loader", "..\..\StarMap\StarMap.Loader.exe", "{BA733EEA-49AB-9339-7682-2E681F81615D}"
	ProjectSection(DebuggerProjectSystem) = preProject
		PortSupplier = 00000000-0000-0000-0000-000000000000
		Executable = G:\StarMap\StarMap.Loader.exe
		RemoteMachine = VISION
		StartingDirectory = G:\StarMap
		Environment = Default
		LaunchingEngine = 00000000-0000-0000-0000-000000000000
		UseLegacyDebugEngines = No
		LaunchSQLEngine = No
		AttachLaunchAction = No
		IORedirection = Auto
	EndProjectSection
EndProject
Global
	GlobalSection(SolutionConfigurationPlatforms) = preSolution
		Debug|Any CPU = Debug|Any CPU
		Debug|x64 = Debug|x64
		Release|Any CPU = Release|Any CPU
		Release|x64 = Release|x64
	EndGlobalSection
	GlobalSection(ProjectConfigurationPlatforms) = postSolution
		{E768970D-A7FD-4D63-AE39-39836983ACCC}.Debug|Any CPU.ActiveCfg = Debug|Any CPU
		{E768970D-A7FD-4D63-AE39-39836983ACCC}.Debug|Any CPU.Build.0 = Debug|Any CPU
		{E768970D-A7FD-4D63-AE39-39836983ACCC}.Debug|x64.ActiveCfg = Debug|Any CPU
		{E768970D-A7FD-4D63-AE39-39836983ACCC}.Debug|x64.Build.0 = Debug|Any CPU
		{E768970D-A7FD-4D63-AE39-39836983ACCC}.Release|Any CPU.ActiveCfg = Release|Any CPU
		{E768970D-A7FD-4D63-AE39-39836983ACCC}.Release|Any CPU.Build.0 = Release|Any CPU
		{E768970D-A7FD-4D63-AE39-39836983ACCC}.Release|x64.ActiveCfg = Release|Any CPU
		{E768970D-A7FD-4D63-AE39-39836983ACCC}.Release|x64.Build.0 = Release|Any CPU
		{BA733EEA-49AB-9339-7682-2E681F81615D}.Debug|Any CPU.ActiveCfg = Release|x64
		{BA733EEA-49AB-9339-7682-2E681F81615D}.Debug|x64.ActiveCfg = Release|x64
		{BA733EEA-49AB-9339-7682-2E681F81615D}.Release|Any CPU.ActiveCfg = Release|x64
		{BA733EEA-49AB-9339-7682-2E681F81615D}.Release|x64.ActiveCfg = Release|x64
	EndGlobalSection
	GlobalSection(SolutionProperties) = preSolution
		HideSolutionNode = FALSE
	EndGlobalSection
	GlobalSection(ExtensibilityGlobals) = postSolution
		SolutionGuid = {2559F7FA-464D-4063-A1F3-AB8F15E13BA0}
	EndGlobalSection
EndGlobal
